
Microsoft Visual Studio Solution File, Format Version 12.00
# Visual Studio Version 17
VisualStudioVersion = 17.14.36518.9 d17.14
MinimumVisualStudioVersion = 10.0.40219.1
Project("{FAE04EC0-301F-11D3-BF4B-00C04F79EFBC}") = "Fridge_Shopping_app", "Fridge_Shopping_app\Fridge_Shopping_app.csproj", "{EDA860D3-37AF-47DB-9916-5E6968A89253}"
EndProject
Global
	GlobalSection(SolutionConfigurationPlatforms) = preSolution
		Debug|Any CPU = Debug|Any CPU
		Release|Any CPU = Release|Any CPU
	EndGlobalSection
	GlobalSection(ProjectConfigurationPlatforms) = postSolution
		{EDA860D3-37AF-47DB-9916-5E6968A89253}.Debug|Any CPU.ActiveCfg = Debug|Any CPU
		{EDA860D3-37AF-47DB-9916-5E6968A89253}.Debug|Any CPU.Build.0 = Debug|Any CPU
		{EDA860D3-37AF-47DB-9916-5E6968A89253}.Release|Any CPU.ActiveCfg = Release|Any CPU
		{EDA860D3-37AF-47DB-9916-5E6968A89253}.Release|Any CPU.Build.0 = Release|Any CPU
	EndGlobalSection
	GlobalSection(SolutionProperties) = preSolution
		HideSolutionNode = FALSE
	EndGlobalSection
	GlobalSection(ExtensibilityGlobals) = postSolution
		SolutionGuid = {7FEC792B-C3CF-470C-A153-AC5DF02606FB}
	EndGlobalSection
EndGlobal
